
Microsoft Visual Studio Solution File, Format Version 12.00
# Visual Studio Version 16
VisualStudioVersion = 16.0.30517.126
MinimumVisualStudioVersion = 10.0.40219.1
Project("{FAE04EC0-301F-11D3-BF4B-00C04F79EFBC}") = "DBMarketTest", "DBMarketTest\DBMarketTest.csproj", "{3DBCD5A7-5B39-48F6-8BEC-6482B2392B49}"
EndProject
Project("{FAE04EC0-301F-11D3-BF4B-00C04F79EFBC}") = "MarketBrowser", "..\..\DBProgramming\MarketBrowser\MarketBrowser.csproj", "{38DF0496-1680-4417-A3AA-72ABDFA53DBA}"
EndProject
Global
	GlobalSection(SolutionConfigurationPlatforms) = preSolution
		Debug|Any CPU = Debug|Any CPU
		Release|Any CPU = Release|Any CPU
	EndGlobalSection
	GlobalSection(ProjectConfigurationPlatforms) = postSolution
		{3DBCD5A7-5B39-48F6-8BEC-6482B2392B49}.Debug|Any CPU.ActiveCfg = Debug|Any CPU
		{3DBCD5A7-5B39-48F6-8BEC-6482B2392B49}.Debug|Any CPU.Build.0 = Debug|Any CPU
		{3DBCD5A7-5B39-48F6-8BEC-6482B2392B49}.Release|Any CPU.ActiveCfg = Release|Any CPU
		{3DBCD5A7-5B39-48F6-8BEC-6482B2392B49}.Release|Any CPU.Build.0 = Release|Any CPU
		{38DF0496-1680-4417-A3AA-72ABDFA53DBA}.Debug|Any CPU.ActiveCfg = Debug|Any CPU
		{38DF0496-1680-4417-A3AA-72ABDFA53DBA}.Debug|Any CPU.Build.0 = Debug|Any CPU
		{38DF0496-1680-4417-A3AA-72ABDFA53DBA}.Release|Any CPU.ActiveCfg = Release|Any CPU
		{38DF0496-1680-4417-A3AA-72ABDFA53DBA}.Release|Any CPU.Build.0 = Release|Any CPU
	EndGlobalSection
	GlobalSection(SolutionProperties) = preSolution
		HideSolutionNode = FALSE
	EndGlobalSection
	GlobalSection(ExtensibilityGlobals) = postSolution
		SolutionGuid = {861BE498-1E1D-4544-A33A-687986AB5D32}
	EndGlobalSection
EndGlobal
